
Microsoft Visual Studio Solution File, Format Version 12.00
# Visual Studio Version 17
VisualStudioVersion = 17.0.31612.314
MinimumVisualStudioVersion = 10.0.40219.1
Project("{FAE04EC0-301F-11D3-BF4B-00C04F79EFBC}") = "DespPlus.Android", "DespPlus\DespPlus.Android\DespPlus.Android.csproj", "{DB37403B-E3EA-45C5-BC41-97645266CE15}"
EndProject
Project("{FAE04EC0-301F-11D3-BF4B-00C04F79EFBC}") = "DespPlus.iOS", "DespPlus\DespPlus.iOS\DespPlus.iOS.csproj", "{3D9DEEE3-44D8-4C65-AB80-54E70DD7912C}"
EndProject
Project("{9A19103F-16F7-4668-BE54-9A1E7A4F7556}") = "DespPlus", "DespPlus\DespPlus\DespPlus.csproj", "{00EE6ACA-53AD-46F4-88F1-FE0D034C88B3}"
EndProject
Global
	GlobalSection(SolutionConfigurationPlatforms) = preSolution
		Debug|Any CPU = Debug|Any CPU
		Debug|ARM = Debug|ARM
		Debug|iPhone = Debug|iPhone
		Debug|iPhoneSimulator = Debug|iPhoneSimulator
		Debug|x64 = Debug|x64
		Debug|x86 = Debug|x86
		Release|Any CPU = Release|Any CPU
		Release|ARM = Release|ARM
		Release|iPhone = Release|iPhone
		Release|iPhoneSimulator = Release|iPhoneSimulator
		Release|x64 = Release|x64
		Release|x86 = Release|x86
	EndGlobalSection
	GlobalSection(ProjectConfigurationPlatforms) = postSolution
		{DB37403B-E3EA-45C5-BC41-97645266CE15}.Debug|Any CPU.ActiveCfg = Debug|Any CPU
		{DB37403B-E3EA-45C5-BC41-97645266CE15}.Debug|Any CPU.Build.0 = Debug|Any CPU
		{DB37403B-E3EA-45C5-BC41-97645266CE15}.Debug|Any CPU.Deploy.0 = Debug|Any CPU
		{DB37403B-E3EA-45C5-BC41-97645266CE15}.Debug|ARM.ActiveCfg = Debug|Any CPU
		{DB37403B-E3EA-45C5-BC41-97645266CE15}.Debug|ARM.Build.0 = Debug|Any CPU
		{DB37403B-E3EA-45C5-BC41-97645266CE15}.Debug|ARM.Deploy.0 = Debug|Any CPU
		{DB37403B-E3EA-45C5-BC41-97645266CE15}.Debug|iPhone.ActiveCfg = Debug|Any CPU
		{DB37403B-E3EA-45C5-BC41-97645266CE15}.Debug|iPhone.Build.0 = Debug|Any CPU
		{DB37403B-E3EA-45C5-BC41-97645266CE15}.Debug|iPhone.Deploy.0 = Debug|Any CPU
		{DB37403B-E3EA-45C5-BC41-97645266CE15}.Debug|iPhoneSimulator.ActiveCfg = Debug|Any CPU
		{DB37403B-E3EA-45C5-BC41-97645266CE15}.Debug|iPhoneSimulator.Build.0 = Debug|Any CPU
		{DB37403B-E3EA-45C5-BC41-97645266CE15}.Debug|iPhoneSimulator.Deploy.0 = Debug|Any CPU
		{DB37403B-E3EA-45C5-BC41-97645266CE15}.Debug|x64.ActiveCfg = Debug|Any CPU
		{DB37403B-E3EA-45C5-BC41-97645266CE15}.Debug|x64.Build.0 = Debug|Any CPU
		{DB37403B-E3EA-45C5-BC41-97645266CE15}.Debug|x64.Deploy.0 = Debug|Any CPU
		{DB37403B-E3EA-45C5-BC41-97645266CE15}.Debug|x86.ActiveCfg = Debug|Any CPU
		{DB37403B-E3EA-45C5-BC41-97645266CE15}.Debug|x86.Build.0 = Debug|Any CPU
		{DB37403B-E3EA-45C5-BC41-97645266CE15}.Debug|x86.Deploy.0 = Debug|Any CPU
		{DB37403B-E3EA-45C5-BC41-97645266CE15}.Release|Any CPU.ActiveCfg = Release|Any CPU
		{DB37403B-E3EA-45C5-BC41-97645266CE15}.Release|Any CPU.Build.0 = Release|Any CPU
		{DB37403B-E3EA-45C5-BC41-97645266CE15}.Release|Any CPU.Deploy.0 = Release|Any CPU
		{DB37403B-E3EA-45C5-BC41-97645266CE15}.Release|ARM.ActiveCfg = Release|Any CPU
		{DB37403B-E3EA-45C5-BC41-97645266CE15}.Release|ARM.Build.0 = Release|Any CPU
		{DB37403B-E3EA-45C5-BC41-97645266CE15}.Release|ARM.Deploy.0 = Release|Any CPU
		{DB37403B-E3EA-45C5-BC41-97645266CE15}.Release|iPhone.ActiveCfg = Release|Any CPU
		{DB37403B-E3EA-45C5-BC41-97645266CE15}.Release|iPhone.Build.0 = Release|Any CPU
		{DB37403B-E3EA-45C5-BC41-97645266CE15}.Release|iPhone.Deploy.0 = Release|Any CPU
		{DB37403B-E3EA-45C5-BC41-97645266CE15}.Release|iPhoneSimulator.ActiveCfg = Release|Any CPU
		{DB37403B-E3EA-45C5-BC41-97645266CE15}.Release|iPhoneSimulator.Build.0 = Release|Any CPU
		{DB37403B-E3EA-45C5-BC41-97645266CE15}.Release|iPhoneSimulator.Deploy.0 = Release|Any CPU
		{DB37403B-E3EA-45C5-BC41-97645266CE15}.Release|x64.ActiveCfg = Release|Any CPU
		{DB37403B-E3EA-45C5-BC41-97645266CE15}.Release|x64.Build.0 = Release|Any CPU
		{DB37403B-E3EA-45C5-BC41-97645266CE15}.Release|x64.Deploy.0 = Release|Any CPU
		{DB37403B-E3EA-45C5-BC41-97645266CE15}.Release|x86.ActiveCfg = Release|Any CPU
		{DB37403B-E3EA-45C5-BC41-97645266CE15}.Release|x86.Build.0 = Release|Any CPU
		{DB37403B-E3EA-45C5-BC41-97645266CE15}.Release|x86.Deploy.0 = Release|Any CPU
		{3D9DEEE3-44D8-4C65-AB80-54E70DD7912C}.Debug|Any CPU.ActiveCfg = Debug|iPhoneSimulator
		{3D9DEEE3-44D8-4C65-AB80-54E70DD7912C}.Debug|Any CPU.Build.0 = Debug|iPhoneSimulator
		{3D9DEEE3-44D8-4C65-AB80-54E70DD7912C}.Debug|Any CPU.Deploy.0 = Debug|iPhoneSimulator
		{3D9DEEE3-44D8-4C65-AB80-54E70DD7912C}.Debug|ARM.ActiveCfg = Debug|iPhone
		{3D9DEEE3-44D8-4C65-AB80-54E70DD7912C}.Debug|ARM.Build.0 = Debug|iPhone
		{3D9DEEE3-44D8-4C65-AB80-54E70DD7912C}.Debug|ARM.Deploy.0 = Debug|iPhone
		{3D9DEEE3-44D8-4C65-AB80-54E70DD7912C}.Debug|iPhone.ActiveCfg = Debug|iPhone
		{3D9DEEE3-44D8-4C65-AB80-54E70DD7912C}.Debug|iPhone.Build.0 = Debug|iPhone
		{3D9DEEE3-44D8-4C65-AB80-54E70DD7912C}.Debug|iPhone.Deploy.0 = Debug|iPhone
		{3D9DEEE3-44D8-4C65-AB80-54E70DD7912C}.Debug|iPhoneSimulator.ActiveCfg = Debug|iPhoneSimulator
		{3D9DEEE3-44D8-4C65-AB80-54E70DD7912C}.Debug|iPhoneSimulator.Build.0 = Debug|iPhoneSimulator
		{3D9DEEE3-44D8-4C65-AB80-54E70DD7912C}.Debug|iPhoneSimulator.Deploy.0 = Debug|iPhoneSimulator
		{3D9DEEE3-44D8-4C65-AB80-54E70DD7912C}.Debug|x64.ActiveCfg = Debug|iPhoneSimulator
		{3D9DEEE3-44D8-4C65-AB80-54E70DD7912C}.Debug|x64.Build.0 = Debug|iPhoneSimulator
		{3D9DEEE3-44D8-4C65-AB80-54E70DD7912C}.Debug|x64.Deploy.0 = Debug|iPhoneSimulator
		{3D9DEEE3-44D8-4C65-AB80-54E70DD7912C}.Debug|x86.ActiveCfg = Debug|iPhoneSimulator
		{3D9DEEE3-44D8-4C65-AB80-54E70DD7912C}.Debug|x86.Build.0 = Debug|iPhoneSimulator
		{3D9DEEE3-44D8-4C65-AB80-54E70DD7912C}.Debug|x86.Deploy.0 = Debug|iPhoneSimulator
		{3D9DEEE3-44D8-4C65-AB80-54E70DD7912C}.Release|Any CPU.ActiveCfg = Release|iPhoneSimulator
		{3D9DEEE3-44D8-4C65-AB80-54E70DD7912C}.Release|Any CPU.Build.0 = Release|iPhoneSimulator
		{3D9DEEE3-44D8-4C65-AB80-54E70DD7912C}.Release|Any CPU.Deploy.0 = Release|iPhoneSimulator
		{3D9DEEE3-44D8-4C65-AB80-54E70DD7912C}.Release|ARM.ActiveCfg = Release|iPhoneSimulator
		{3D9DEEE3-44D8-4C65-AB80-54E70DD7912C}.Release|ARM.Build.0 = Release|iPhoneSimulator
		{3D9DEEE3-44D8-4C65-AB80-54E70DD7912C}.Release|ARM.Deploy.0 = Release|iPhoneSimulator
		{3D9DEEE3-44D8-4C65-AB80-54E70DD7912C}.Release|iPhone.ActiveCfg = Release|iPhone
		{3D9DEEE3-44D8-4C65-AB80-54E70DD7912C}.Release|iPhone.Build.0 = Release|iPhone
		{3D9DEEE3-44D8-4C65-AB80-54E70DD7912C}.Release|iPhone.Deploy.0 = Release|iPhone
		{3D9DEEE3-44D8-4C65-AB80-54E70DD7912C}.Release|iPhoneSimulator.ActiveCfg = Release|iPhoneSimulator
		{3D9DEEE3-44D8-4C65-AB80-54E70DD7912C}.Release|iPhoneSimulator.Build.0 = Release|iPhoneSimulator
		{3D9DEEE3-44D8-4C65-AB80-54E70DD7912C}.Release|iPhoneSimulator.Deploy.0 = Release|iPhoneSimulator
		{3D9DEEE3-44D8-4C65-AB80-54E70DD7912C}.Release|x64.ActiveCfg = Release|iPhoneSimulator
		{3D9DEEE3-44D8-4C65-AB80-54E70DD7912C}.Release|x64.Build.0 = Release|iPhoneSimulator
		{3D9DEEE3-44D8-4C65-AB80-54E70DD7912C}.Release|x64.Deploy.0 = Release|iPhoneSimulator
		{3D9DEEE3-44D8-4C65-AB80-54E70DD7912C}.Release|x86.ActiveCfg = Release|iPhoneSimulator
		{3D9DEEE3-44D8-4C65-AB80-54E70DD7912C}.Release|x86.Build.0 = Release|iPhoneSimulator
		{3D9DEEE3-44D8-4C65-AB80-54E70DD7912C}.Release|x86.Deploy.0 = Release|iPhoneSimulator
		{00EE6ACA-53AD-46F4-88F1-FE0D034C88B3}.Debug|Any CPU.ActiveCfg = Debug|Any CPU
		{00EE6ACA-53AD-46F4-88F1-FE0D034C88B3}.Debug|Any CPU.Build.0 = Debug|Any CPU
		{00EE6ACA-53AD-46F4-88F1-FE0D034C88B3}.Debug|Any CPU.Deploy.0 = Debug|Any CPU
		{00EE6ACA-53AD-46F4-88F1-FE0D034C88B3}.Debug|ARM.ActiveCfg = Debug|Any CPU
		{00EE6ACA-53AD-46F4-88F1-FE0D034C88B3}.Debug|ARM.Build.0 = Debug|Any CPU
		{00EE6ACA-53AD-46F4-88F1-FE0D034C88B3}.Debug|ARM.Deploy.0 = Debug|Any CPU
		{00EE6ACA-53AD-46F4-88F1-FE0D034C88B3}.Debug|iPhone.ActiveCfg = Debug|Any CPU
		{00EE6ACA-53AD-46F4-88F1-FE0D034C88B3}.Debug|iPhone.Build.0 = Debug|Any CPU
		{00EE6ACA-53AD-46F4-88F1-FE0D034C88B3}.Debug|iPhone.Deploy.0 = Debug|Any CPU
		{00EE6ACA-53AD-46F4-88F1-FE0D034C88B3}.Debug|iPhoneSimulator.ActiveCfg = Debug|Any CPU
		{00EE6ACA-53AD-46F4-88F1-FE0D034C88B3}.Debug|iPhoneSimulator.Build.0 = Debug|Any CPU
		{00EE6ACA-53AD-46F4-88F1-FE0D034C88B3}.Debug|iPhoneSimulator.Deploy.0 = Debug|Any CPU
		{00EE6ACA-53AD-46F4-88F1-FE0D034C88B3}.Debug|x64.ActiveCfg = Debug|Any CPU
		{00EE6ACA-53AD-46F4-88F1-FE0D034C88B3}.Debug|x64.Build.0 = Debug|Any CPU
		{00EE6ACA-53AD-46F4-88F1-FE0D034C88B3}.Debug|x64.Deploy.0 = Debug|Any CPU
		{00EE6ACA-53AD-46F4-88F1-FE0D034C88B3}.Debug|x86.ActiveCfg = Debug|Any CPU
		{00EE6ACA-53AD-46F4-88F1-FE0D034C88B3}.Debug|x86.Build.0 = Debug|Any CPU
		{00EE6ACA-53AD-46F4-88F1-FE0D034C88B3}.Debug|x86.Deploy.0 = Debug|Any CPU
		{00EE6ACA-53AD-46F4-88F1-FE0D034C88B3}.Release|Any CPU.ActiveCfg = Release|Any CPU
		{00EE6ACA-53AD-46F4-88F1-FE0D034C88B3}.Release|Any CPU.Build.0 = Release|Any CPU
		{00EE6ACA-53AD-46F4-88F1-FE0D034C88B3}.Release|Any CPU.Deploy.0 = Release|Any CPU
		{00EE6ACA-53AD-46F4-88F1-FE0D034C88B3}.Release|ARM.ActiveCfg = Release|Any CPU
		{00EE6ACA-53AD-46F4-88F1-FE0D034C88B3}.Release|ARM.Build.0 = Release|Any CPU
		{00EE6ACA-53AD-46F4-88F1-FE0D034C88B3}.Release|ARM.Deploy.0 = Release|Any CPU
		{00EE6ACA-53AD-46F4-88F1-FE0D034C88B3}.Release|iPhone.ActiveCfg = Release|Any CPU
		{00EE6ACA-53AD-46F4-88F1-FE0D034C88B3}.Release|iPhone.Build.0 = Release|Any CPU
		{00EE6ACA-53AD-46F4-88F1-FE0D034C88B3}.Release|iPhone.Deploy.0 = Release|Any CPU
		{00EE6ACA-53AD-46F4-88F1-FE0D034C88B3}.Release|iPhoneSimulator.ActiveCfg = Release|Any CPU
		{00EE6ACA-53AD-46F4-88F1-FE0D034C88B3}.Release|iPhoneSimulator.Build.0 = Release|Any CPU
		{00EE6ACA-53AD-46F4-88F1-FE0D034C88B3}.Release|iPhoneSimulator.Deploy.0 = Release|Any CPU
		{00EE6ACA-53AD-46F4-88F1-FE0D034C88B3}.Release|x64.ActiveCfg = Release|Any CPU
		{00EE6ACA-53AD-46F4-88F1-FE0D034C88B3}.Release|x64.Build.0 = Release|Any CPU
		{00EE6ACA-53AD-46F4-88F1-FE0D034C88B3}.Release|x64.Deploy.0 = Release|Any CPU
		{00EE6ACA-53AD-46F4-88F1-FE0D034C88B3}.Release|x86.ActiveCfg = Release|Any CPU
		{00EE6ACA-53AD-46F4-88F1-FE0D034C88B3}.Release|x86.Build.0 = Release|Any CPU
		{00EE6ACA-53AD-46F4-88F1-FE0D034C88B3}.Release|x86.Deploy.0 = Release|Any CPU
	EndGlobalSection
	GlobalSection(SolutionProperties) = preSolution
		HideSolutionNode = FALSE
	EndGlobalSection
	GlobalSection(ExtensibilityGlobals) = postSolution
		SolutionGuid = {0E896B6A-F480-44E3-9291-AB766FAC9B7B}
	EndGlobalSection
EndGlobal
